
Microsoft Visual Studio Solution File, Format Version 12.00
# Visual Studio Version 17
VisualStudioVersion = 17.4.33213.308
MinimumVisualStudioVersion = 10.0.40219.1
Project("{FAE04EC0-301F-11D3-BF4B-00C04F79EFBC}") = "MySQLClient", "MySQLClient\MySQLClient.csproj", "{E39D380C-A0DA-40CE-9C98-173673CB9BB2}"
EndProject
Global
	GlobalSection(SolutionConfigurationPlatforms) = preSolution
		Debug|Any CPU = Debug|Any CPU
		Release|Any CPU = Release|Any CPU
	EndGlobalSection
	GlobalSection(ProjectConfigurationPlatforms) = postSolution
		{E39D380C-A0DA-40CE-9C98-173673CB9BB2}.Debug|Any CPU.ActiveCfg = Debug|Any CPU
		{E39D380C-A0DA-40CE-9C98-173673CB9BB2}.Debug|Any CPU.Build.0 = Debug|Any CPU
		{E39D380C-A0DA-40CE-9C98-173673CB9BB2}.Release|Any CPU.ActiveCfg = Release|Any CPU
		{E39D380C-A0DA-40CE-9C98-173673CB9BB2}.Release|Any CPU.Build.0 = Release|Any CPU
	EndGlobalSection
	GlobalSection(SolutionProperties) = preSolution
		HideSolutionNode = FALSE
	EndGlobalSection
	GlobalSection(ExtensibilityGlobals) = postSolution
		SolutionGuid = {2A51A7E6-3C87-4CAB-89B9-054229A8E811}
	EndGlobalSection
EndGlobal
